
Microsoft Visual Studio Solution File, Format Version 12.00
# Visual Studio Version 16
VisualStudioVersion = 16.0.29926.136
MinimumVisualStudioVersion = 10.0.40219.1
Project("{9A19103F-16F7-4668-BE54-9A1E7A4F7556}") = "HtmlBuilder", "HtmlBuilder.csproj", "{23D1B970-55C3-48B3-8496-9994D004AEAC}"
EndProject
Project("{9A19103F-16F7-4668-BE54-9A1E7A4F7556}") = "HtmlBuilder.Test", "..\HtmlBuilder.Test\HtmlBuilder.Test.csproj", "{F118F008-7AD9-40DB-93D6-5F8CE6D5A0B2}"
EndProject
Global
	GlobalSection(SolutionConfigurationPlatforms) = preSolution
		Debug|Any CPU = Debug|Any CPU
		Release|Any CPU = Release|Any CPU
	EndGlobalSection
	GlobalSection(ProjectConfigurationPlatforms) = postSolution
		{23D1B970-55C3-48B3-8496-9994D004AEAC}.Debug|Any CPU.ActiveCfg = Debug|Any CPU
		{23D1B970-55C3-48B3-8496-9994D004AEAC}.Debug|Any CPU.Build.0 = Debug|Any CPU
		{23D1B970-55C3-48B3-8496-9994D004AEAC}.Release|Any CPU.ActiveCfg = Release|Any CPU
		{23D1B970-55C3-48B3-8496-9994D004AEAC}.Release|Any CPU.Build.0 = Release|Any CPU
		{F118F008-7AD9-40DB-93D6-5F8CE6D5A0B2}.Debug|Any CPU.ActiveCfg = Debug|Any CPU
		{F118F008-7AD9-40DB-93D6-5F8CE6D5A0B2}.Debug|Any CPU.Build.0 = Debug|Any CPU
		{F118F008-7AD9-40DB-93D6-5F8CE6D5A0B2}.Release|Any CPU.ActiveCfg = Release|Any CPU
		{F118F008-7AD9-40DB-93D6-5F8CE6D5A0B2}.Release|Any CPU.Build.0 = Release|Any CPU
	EndGlobalSection
	GlobalSection(SolutionProperties) = preSolution
		HideSolutionNode = FALSE
	EndGlobalSection
	GlobalSection(ExtensibilityGlobals) = postSolution
		SolutionGuid = {5CDC76F4-3179-434B-A485-C1636F70D451}
	EndGlobalSection
EndGlobal
